
Microsoft Visual Studio Solution File, Format Version 12.00
# Visual Studio Version 17
VisualStudioVersion = 17.11.35327.3
MinimumVisualStudioVersion = 10.0.40219.1
Project("{151D2E53-A2C4-4D7D-83FE-D05416EBD58E}") = "AzureResourceGroup4", "AzureResourceGroup4\AzureResourceGroup4.deployproj", "{8623CA9F-01B1-44DC-B463-47E5DB61F981}"
EndProject
Global
	GlobalSection(SolutionConfigurationPlatforms) = preSolution
		Debug|Any CPU = Debug|Any CPU
		Release|Any CPU = Release|Any CPU
	EndGlobalSection
	GlobalSection(ProjectConfigurationPlatforms) = postSolution
		{8623CA9F-01B1-44DC-B463-47E5DB61F981}.Debug|Any CPU.ActiveCfg = Debug|Any CPU
		{8623CA9F-01B1-44DC-B463-47E5DB61F981}.Debug|Any CPU.Build.0 = Debug|Any CPU
		{8623CA9F-01B1-44DC-B463-47E5DB61F981}.Release|Any CPU.ActiveCfg = Release|Any CPU
		{8623CA9F-01B1-44DC-B463-47E5DB61F981}.Release|Any CPU.Build.0 = Release|Any CPU
	EndGlobalSection
	GlobalSection(SolutionProperties) = preSolution
		HideSolutionNode = FALSE
	EndGlobalSection
	GlobalSection(ExtensibilityGlobals) = postSolution
		SolutionGuid = {A9179053-701F-48A8-8BF8-7CDCC5F4C858}
	EndGlobalSection
EndGlobal
